# THIS IS AN AUTOGENERATED FILE. DO NOT EDIT THIS FILE DIRECTLY.
# yarn lockfile v1


ordinal@^1.0.3:
  version "1.0.3"
  resolved "https://registry.yarnpkg.com/ordinal/-/ordinal-1.0.3.tgz#1a3c7726a61728112f50944ad7c35c06ae3a0d4d"
  integrity sha512-cMddMgb2QElm8G7vdaa02jhUNbTSrhsgAGUz1OokD83uJTwSUn+nKoNoKVVaRa08yF6sgfO7Maou1+bgLd9rdQ==
